
Microsoft Visual Studio Solution File, Format Version 12.00
# Visual Studio Version 16
VisualStudioVersion = 16.0.29519.87
MinimumVisualStudioVersion = 10.0.40219.1
Project("{FAE04EC0-301F-11D3-BF4B-00C04F79EFBC}") = "Activity", "Activity\Activity.csproj", "{35036BE4-DA23-4054-B68C-EBEA208D6063}"
EndProject
Project("{FAE04EC0-301F-11D3-BF4B-00C04F79EFBC}") = "Data", "Data\Data.csproj", "{A488060B-143F-48CF-AF3A-DC4991F1F2F8}"
EndProject
Global
	GlobalSection(SolutionConfigurationPlatforms) = preSolution
		Debug|Any CPU = Debug|Any CPU
		Release|Any CPU = Release|Any CPU
	EndGlobalSection
	GlobalSection(ProjectConfigurationPlatforms) = postSolution
		{35036BE4-DA23-4054-B68C-EBEA208D6063}.Debug|Any CPU.ActiveCfg = Debug|Any CPU
		{35036BE4-DA23-4054-B68C-EBEA208D6063}.Debug|Any CPU.Build.0 = Debug|Any CPU
		{35036BE4-DA23-4054-B68C-EBEA208D6063}.Release|Any CPU.ActiveCfg = Release|Any CPU
		{35036BE4-DA23-4054-B68C-EBEA208D6063}.Release|Any CPU.Build.0 = Release|Any CPU
		{A488060B-143F-48CF-AF3A-DC4991F1F2F8}.Debug|Any CPU.ActiveCfg = Debug|Any CPU
		{A488060B-143F-48CF-AF3A-DC4991F1F2F8}.Debug|Any CPU.Build.0 = Debug|Any CPU
		{A488060B-143F-48CF-AF3A-DC4991F1F2F8}.Release|Any CPU.ActiveCfg = Release|Any CPU
		{A488060B-143F-48CF-AF3A-DC4991F1F2F8}.Release|Any CPU.Build.0 = Release|Any CPU
	EndGlobalSection
	GlobalSection(SolutionProperties) = preSolution
		HideSolutionNode = FALSE
	EndGlobalSection
	GlobalSection(ExtensibilityGlobals) = postSolution
		SolutionGuid = {E20353F6-AAF5-468C-8804-2E012DE3369A}
	EndGlobalSection
EndGlobal
